// !$*UTF8*$!
{
	archiveVersion = 1;
	classes = {
	};
	objectVersion = 48;
	objects = {

/* Begin PBXBuildFile section */
		85962FC9201E3B6000FA9D1B /* AppDelegate.swift in Sources */ = {isa = PBXBuildFile; fileRef = 85962FC8201E3B6000FA9D1B /* AppDelegate.swift */; };
		85962FCB201E3B6000FA9D1B /* ViewController.swift in Sources */ = {isa = PBXBuildFile; fileRef = 85962FCA201E3B6000FA9D1B /* ViewController.swift */; };
		85962FCE201E3B6000FA9D1B /* Main.storyboard in Resources */ = {isa = PBXBuildFile; fileRef = 85962FCC201E3B6000FA9D1B /* Main.storyboard */; };
		85962FD0201E3B6000FA9D1B /* Assets.xcassets in Resources */ = {isa = PBXBuildFile; fileRef = 85962FCF201E3B6000FA9D1B /* Assets.xcassets */; };
		85962FD3201E3B6000FA9D1B /* LaunchScreen.storyboard in Resources */ = {isa = PBXBuildFile; fileRef = 85962FD1201E3B6000FA9D1B /* LaunchScreen.storyboard */; };
		85962FDE201E3B6100FA9D1B /* Data_SendingTests.swift in Sources */ = {isa = PBXBuildFile; fileRef = 85962FDD201E3B6100FA9D1B /* Data_SendingTests.swift */; };
		85962FE9201E3B6100FA9D1B /* Data_SendingUITests.swift in Sources */ = {isa = PBXBuildFile; fileRef = 85962FE8201E3B6100FA9D1B /* Data_SendingUITests.swift */; };
		85962FF7201E459300FA9D1B /* SecondViewController.swift in Sources */ = {isa = PBXBuildFile; fileRef = 85962FF6201E459300FA9D1B /* SecondViewController.swift */; };
/* End PBXBuildFile section */

/* Begin PBXContainerItemProxy section */
		85962FDA201E3B6100FA9D1B /* PBXContainerItemProxy */ = {
			isa = PBXContainerItemProxy;
			containerPortal = 85962FBD201E3B6000FA9D1B /* Project object */;
			proxyType = 1;
			remoteGlobalIDString = 85962FC4201E3B6000FA9D1B;
			remoteInfo = "Data Sending";
		};
		85962FE5201E3B6100FA9D1B /* PBXContainerItemProxy */ = {
			isa = PBXContainerItemProxy;
			containerPortal = 85962FBD201E3B6000FA9D1B /* Project object */;
			proxyType = 1;
			remoteGlobalIDString = 85962FC4201E3B6000FA9D1B;
			remoteInfo = "Data Sending";
		};
/* End PBXContainerItemProxy section */

/* Begin PBXFileReference section */
		85962FC5201E3B6000FA9D1B /* Data Sending.app */ = {isa = PBXFileReference; explicitFileType = wrapper.application; includeInIndex = 0; path = "Data Sending.app"; sourceTree = BUILT_PRODUCTS_DIR; };
		85962FC8201E3B6000FA9D1B /* AppDelegate.swift */ = {isa = PBXFileReference; lastKnownFileType = sourcecode.swift; path = AppDelegate.swift; sourceTree = "<group>"; };
		85962FCA201E3B6000FA9D1B /* ViewController.swift */ = {isa = PBXFileReference; lastKnownFileType = sourcecode.swift; path = ViewController.swift; sourceTree = "<group>"; };
		85962FCD201E3B6000FA9D1B /* Base */ = {isa = PBXFileReference; lastKnownFileType = file.storyboard; name = Base; path = Base.lproj/Main.storyboard; sourceTree = "<group>"; };
		85962FCF201E3B6000FA9D1B /* Assets.xcassets */ = {isa = PBXFileReference; lastKnownFileType = folder.assetcatalog; path = Assets.xcassets; sourceTree = "<group>"; };
		85962FD2201E3B6000FA9D1B /* Base */ = {isa = PBXFileReference; lastKnownFileType = file.storyboard; name = Base; path = Base.lproj/LaunchScreen.storyboard; sourceTree = "<group>"; };
		85962FD4201E3B6000FA9D1B /* Info.plist */ = {isa = PBXFileReference; lastKnownFileType = text.plist.xml; path = Info.plist; sourceTree = "<group>"; };
		85962FD9201E3B6100FA9D1B /* Data SendingTests.xctest */ = {isa = PBXFileReference; explicitFileType = wrapper.cfbundle; includeInIndex = 0; path = "Data SendingTests.xctest"; sourceTree = BUILT_PRODUCTS_DIR; };
		85962FDD201E3B6100FA9D1B /* Data_SendingTests.swift */ = {isa = PBXFileReference; lastKnownFileType = sourcecode.swift; path = Data_SendingTests.swift; sourceTree = "<group>"; };
		85962FDF201E3B6100FA9D1B /* Info.plist */ = {isa = PBXFileReference; lastKnownFileType = text.plist.xml; path = Info.plist; sourceTree = "<group>"; };
		85962FE4201E3B6100FA9D1B /* Data SendingUITests.xctest */ = {isa = PBXFileReference; explicitFileType = wrapper.cfbundle; includeInIndex = 0; path = "Data SendingUITests.xctest"; sourceTree = BUILT_PRODUCTS_DIR; };
		85962FE8201E3B6100FA9D1B /* Data_SendingUITests.swift */ = {isa = PBXFileReference; lastKnownFileType = sourcecode.swift; path = Data_SendingUITests.swift; sourceTree = "<group>"; };
		85962FEA201E3B6100FA9D1B /* Info.plist */ = {isa = PBXFileReference; lastKnownFileType = text.plist.xml; path = Info.plist; sourceTree = "<group>"; };
		85962FF6201E459300FA9D1B /* SecondViewController.swift */ = {isa = PBXFileReference; lastKnownFileType = sourcecode.swift; path = SecondViewController.swift; sourceTree = "<group>"; };
/* End PBXFileReference section */

/* Begin PBXFrameworksBuildPhase section */
		85962FC2201E3B6000FA9D1B /* Frameworks */ = {
			isa = PBXFrameworksBuildPhase;
			buildActionMask = 2147483647;
			files = (
			);
			runOnlyForDeploymentPostprocessing = 0;
		};
		85962FD6201E3B6100FA9D1B /* Frameworks */ = {
			isa = PBXFrameworksBuildPhase;
			buildActionMask = 2147483647;
			files = (
			);
			runOnlyForDeploymentPostprocessing = 0;
		};
		85962FE1201E3B6100FA9D1B /* Frameworks */ = {
			isa = PBXFrameworksBuildPhase;
			buildActionMask = 2147483647;
			files = (
			);
			runOnlyForDeploymentPostprocessing = 0;
		};
/* End PBXFrameworksBuildPhase section */

/* Begin PBXGroup section */
		85962FBC201E3B6000FA9D1B = {
			isa = PBXGroup;
			children = (
				85962FC7201E3B6000FA9D1B /* Data Sending */,
				85962FDC201E3B6100FA9D1B /* Data SendingTests */,
				85962FE7201E3B6100FA9D1B /* Data SendingUITests */,
				85962FC6201E3B6000FA9D1B /* Products */,
			);
			sourceTree = "<group>";
		};
		85962FC6201E3B6000FA9D1B /* Products */ = {
			isa = PBXGroup;
			children = (
				85962FC5201E3B6000FA9D1B /* Data Sending.app */,
				85962FD9201E3B6100FA9D1B /* Data SendingTests.xctest */,
				85962FE4201E3B6100FA9D1B /* Data SendingUITests.xctest */,
			);
			name = Products;
			sourceTree = "<group>";
		};
		85962FC7201E3B6000FA9D1B /* Data Sending */ = {
			isa = PBXGroup;
			children = (
				85962FC8201E3B6000FA9D1B /* AppDelegate.swift */,
				85962FCA201E3B6000FA9D1B /* ViewController.swift */,
				85962FCC201E3B6000FA9D1B /* Main.storyboard */,
				85962FF6201E459300FA9D1B /* SecondViewController.swift */,
				85962FCF201E3B6000FA9D1B /* Assets.xcassets */,
				85962FD1201E3B6000FA9D1B /* LaunchScreen.storyboard */,
				85962FD4201E3B6000FA9D1B /* Info.plist */,
			);
			path = "Data Sending";
			sourceTree = "<group>";
		};
		85962FDC201E3B6100FA9D1B /* Data SendingTests */ = {
			isa = PBXGroup;
			children = (
				85962FDD201E3B6100FA9D1B /* Data_SendingTests.swift */,
				85962FDF201E3B6100FA9D1B /* Info.plist */,
			);
			path = "Data SendingTests";
			sourceTree = "<group>";
		};
		85962FE7201E3B6100FA9D1B /* Data SendingUITests */ = {
			isa = PBXGroup;
			children = (
				85962FE8201E3B6100FA9D1B /* Data_SendingUITests.swift */,
				85962FEA201E3B6100FA9D1B /* Info.plist */,
			);
			path = "Data SendingUITests";
			sourceTree = "<group>";
		};
/* End PBXGroup section */

/* Begin PBXNativeTarget section */
		85962FC4201E3B6000FA9D1B /* Data Sending */ = {
			isa = PBXNativeTarget;
			buildConfigurationList = 85962FED201E3B6100FA9D1B /* Build configuration list for PBXNativeTarget "Data Sending" */;
			buildPhases = (
				85962FC1201E3B6000FA9D1B /* Sources */,
				85962FC2201E3B6000FA9D1B /* Frameworks */,
				85962FC3201E3B6000FA9D1B /* Resources */,
			);
			buildRules = (
			);
			dependencies = (
			);
			name = "Data Sending";
			productName = "Data Sending";
			productReference = 85962FC5201E3B6000FA9D1B /* Data Sending.app */;
			productType = "com.apple.product-type.application";
		};
		85962FD8201E3B6100FA9D1B /* Data SendingTests */ = {
			isa = PBXNativeTarget;
			buildConfigurationList = 85962FF0201E3B6100FA9D1B /* Build configuration list for PBXNativeTarget "Data SendingTests" */;
			buildPhases = (
				85962FD5201E3B6100FA9D1B /* Sources */,
				85962FD6201E3B6100FA9D1B /* Frameworks */,
				85962FD7201E3B6100FA9D1B /* Resources */,
			);
			buildRules = (
			);
			dependencies = (
				85962FDB201E3B6100FA9D1B /* PBXTargetDependency */,
			);
			name = "Data SendingTests";
			productName = "Data SendingTests";
			productReference = 85962FD9201E3B6100FA9D1B /* Data SendingTests.xctest */;
			productType = "com.apple.product-type.bundle.unit-test";
		};
		85962FE3201E3B6100FA9D1B /* Data SendingUITests */ = {
			isa = PBXNativeTarget;
			buildConfigurationList = 85962FF3201E3B6100FA9D1B /* Build configuration list for PBXNativeTarget "Data SendingUITests" */;
			buildPhases = (
				85962FE0201E3B6100FA9D1B /* Sources */,
				85962FE1201E3B6100FA9D1B /* Frameworks */,
				85962FE2201E3B6100FA9D1B /* Resources */,
			);
			buildRules = (
			);
			dependencies = (
				85962FE6201E3B6100FA9D1B /* PBXTargetDependency */,
			);
			name = "Data SendingUITests";
			productName = "Data SendingUITests";
			productReference = 85962FE4201E3B6100FA9D1B /* Data SendingUITests.xctest */;
			productType = "com.apple.product-type.bundle.ui-testing";
		};
/* End PBXNativeTarget section */

/* Begin PBXProject section */
		85962FBD201E3B6000FA9D1B /* Project object */ = {
			isa = PBXProject;
			attributes = {
				LastSwiftUpdateCheck = 0920;
				LastUpgradeCheck = 0920;
				ORGANIZATIONNAME = "Siddhartha Maji";
				TargetAttributes = {
					85962FC4201E3B6000FA9D1B = {
						CreatedOnToolsVersion = 9.2;
						ProvisioningStyle = Automatic;
					};
					85962FD8201E3B6100FA9D1B = {
						CreatedOnToolsVersion = 9.2;
						ProvisioningStyle = Automatic;
						TestTargetID = 85962FC4201E3B6000FA9D1B;
					};
					85962FE3201E3B6100FA9D1B = {
						CreatedOnToolsVersion = 9.2;
						ProvisioningStyle = Automatic;
						TestTargetID = 85962FC4201E3B6000FA9D1B;
					};
				};
			};
			buildConfigurationList = 85962FC0201E3B6000FA9D1B /* Build configuration list for PBXProject "Data Sending" */;
			compatibilityVersion = "Xcode 8.0";
			developmentRegion = en;
			hasScannedForEncodings = 0;
			knownRegions = (
				en,
				Base,
			);
			mainGroup = 85962FBC201E3B6000FA9D1B;
			productRefGroup = 85962FC6201E3B6000FA9D1B /* Products */;
			projectDirPath = "";
			projectRoot = "";
			targets = (
				85962FC4201E3B6000FA9D1B /* Data Sending */,
				85962FD8201E3B6100FA9D1B /* Data SendingTests */,
				85962FE3201E3B6100FA9D1B /* Data SendingUITests */,
			);
		};
/* End PBXProject section */

/* Begin PBXResourcesBuildPhase section */
		85962FC3201E3B6000FA9D1B /* Resources */ = {
			isa = PBXResourcesBuildPhase;
			buildActionMask = 2147483647;
			files = (
				85962FD3201E3B6000FA9D1B /* LaunchScreen.storyboard in Resources */,
				85962FD0201E3B6000FA9D1B /* Assets.xcassets in Resources */,
				85962FCE201E3B6000FA9D1B /* Main.storyboard in Resources */,
			);
			runOnlyForDeploymentPostprocessing = 0;
		};
		85962FD7201E3B6100FA9D1B /* Resources */ = {
			isa = PBXResourcesBuildPhase;
			buildActionMask = 2147483647;
			files = (
			);
			runOnlyForDeploymentPostprocessing = 0;
		};
		85962FE2201E3B6100FA9D1B /* Resources */ = {
			isa = PBXResourcesBuildPhase;
			buildActionMask = 2147483647;
			files = (
			);
			runOnlyForDeploymentPostprocessing = 0;
		};
/* End PBXResourcesBuildPhase section */

/* Begin PBXSourcesBuildPhase section */
		85962FC1201E3B6000FA9D1B /* Sources */ = {
			isa = PBXSourcesBuildPhase;
			buildActionMask = 2147483647;
			files = (
				85962FF7201E459300FA9D1B /* SecondViewController.swift in Sources */,
				85962FCB201E3B6000FA9D1B /* ViewController.swift in Sources */,
				85962FC9201E3B6000FA9D1B /* AppDelegate.swift in Sources */,
			);
			runOnlyForDeploymentPostprocessing = 0;
		};
		85962FD5201E3B6100FA9D1B /* Sources */ = {
			isa = PBXSourcesBuildPhase;
			buildActionMask = 2147483647;
			files = (
				85962FDE201E3B6100FA9D1B /* Data_SendingTests.swift in Sources */,
			);
			runOnlyForDeploymentPostprocessing = 0;
		};
		85962FE0201E3B6100FA9D1B /* Sources */ = {
			isa = PBXSourcesBuildPhase;
			buildActionMask = 2147483647;
			files = (
				85962FE9201E3B6100FA9D1B /* Data_SendingUITests.swift in Sources */,
			);
			runOnlyForDeploymentPostprocessing = 0;
		};
/* End PBXSourcesBuildPhase section */

/* Begin PBXTargetDependency section */
		85962FDB201E3B6100FA9D1B /* PBXTargetDependency */ = {
			isa = PBXTargetDependency;
			target = 85962FC4201E3B6000FA9D1B /* Data Sending */;
			targetProxy = 85962FDA201E3B6100FA9D1B /* PBXContainerItemProxy */;
		};
		85962FE6201E3B6100FA9D1B /* PBXTargetDependency */ = {
			isa = PBXTargetDependency;
			target = 85962FC4201E3B6000FA9D1B /* Data Sending */;
			targetProxy = 85962FE5201E3B6100FA9D1B /* PBXContainerItemProxy */;
		};
/* End PBXTargetDependency section */

/* Begin PBXVariantGroup section */
		85962FCC201E3B6000FA9D1B /* Main.storyboard */ = {
			isa = PBXVariantGroup;
			children = (
				85962FCD201E3B6000FA9D1B /* Base */,
			);
			name = Main.storyboard;
			sourceTree = "<group>";
		};
		85962FD1201E3B6000FA9D1B /* LaunchScreen.storyboard */ = {
			isa = PBXVariantGroup;
			children = (
				85962FD2201E3B6000FA9D1B /* Base */,
			);
			name = LaunchScreen.storyboard;
			sourceTree = "<group>";
		};
/* End PBXVariantGroup section */

/* Begin XCBuildConfiguration section */
		85962FEB201E3B6100FA9D1B /* Debug */ = {
			isa = XCBuildConfiguration;
			buildSettings = {
				ALWAYS_SEARCH_USER_PATHS = NO;
				CLANG_ANALYZER_NONNULL = YES;
				CLANG_ANALYZER_NUMBER_OBJECT_CONVERSION = YES_AGGRESSIVE;
				CLANG_CXX_LANGUAGE_STANDARD = "gnu++14";
				CLANG_CXX_LIBRARY = "libc++";
				CLANG_ENABLE_MODULES = YES;
				CLANG_ENABLE_OBJC_ARC = YES;
				CLANG_WARN_BLOCK_CAPTURE_AUTORELEASING = YES;
				CLANG_WARN_BOOL_CONVERSION = YES;
				CLANG_WARN_COMMA = YES;
				CLANG_WARN_CONSTANT_CONVERSION = YES;
				CLANG_WARN_DIRECT_OBJC_ISA_USAGE = YES_ERROR;
				CLANG_WARN_DOCUMENTATION_COMMENTS = YES;
				CLANG_WARN_EMPTY_BODY = YES;
				CLANG_WARN_ENUM_CONVERSION = YES;
				CLANG_WARN_INFINITE_RECURSION = YES;
				CLANG_WARN_INT_CONVERSION = YES;
				CLANG_WARN_NON_LITERAL_NULL_CONVERSION = YES;
				CLANG_WARN_OBJC_LITERAL_CONVERSION = YES;
				CLANG_WARN_OBJC_ROOT_CLASS = YES_ERROR;
				CLANG_WARN_RANGE_LOOP_ANALYSIS = YES;
				CLANG_WARN_STRICT_PROTOTYPES = YES;
				CLANG_WARN_SUSPICIOUS_MOVE = YES;
				CLANG_WARN_UNGUARDED_AVAILABILITY = YES_AGGRESSIVE;
				CLANG_WARN_UNREACHABLE_CODE = YES;
				CLANG_WARN__DUPLICATE_METHOD_MATCH = YES;
				CODE_SIGN_IDENTITY = "iPhone Developer";
				COPY_PHASE_STRIP = NO;
				DEBUG_INFORMATION_FORMAT = dwarf;
				ENABLE_STRICT_OBJC_MSGSEND = YES;
				ENABLE_TESTABILITY = YES;
				GCC_C_LANGUAGE_STANDARD = gnu11;
				GCC_DYNAMIC_NO_PIC = NO;
				GCC_NO_COMMON_BLOCKS = YES;
				GCC_OPTIMIZATION_LEVEL = 0;
				GCC_PREPROCESSOR_DEFINITIONS = (
					"DEBUG=1",
					"$(inherited)",
				);
				GCC_WARN_64_TO_32_BIT_CONVERSION = YES;
				GCC_WARN_ABOUT_RETURN_TYPE = YES_ERROR;
				GCC_WARN_UNDECLARED_SELECTOR = YES;
				GCC_WARN_UNINITIALIZED_AUTOS = YES_AGGRESSIVE;
				GCC_WARN_UNUSED_FUNCTION = YES;
				GCC_WARN_UNUSED_VARIABLE = YES;
				IPHONEOS_DEPLOYMENT_TARGET = 11.2;
				MTL_ENABLE_DEBUG_INFO = YES;
				ONLY_ACTIVE_ARCH = YES;
				SDKROOT = iphoneos;
				SWIFT_ACTIVE_COMPILATION_CONDITIONS = DEBUG;
				SWIFT_OPTIMIZATION_LEVEL = "-Onone";
			};
			name = Debug;
		};
		85962FEC201E3B6100FA9D1B /* Release */ = {
			isa = XCBuildConfiguration;
			buildSettings = {
				ALWAYS_SEARCH_USER_PATHS = NO;
				CLANG_ANALYZER_NONNULL = YES;
				CLANG_ANALYZER_NUMBER_OBJECT_CONVERSION = YES_AGGRESSIVE;
				CLANG_CXX_LANGUAGE_STANDARD = "gnu++14";
				CLANG_CXX_LIBRARY = "libc++";
				CLANG_ENABLE_MODULES = YES;
				CLANG_ENABLE_OBJC_ARC = YES;
				CLANG_WARN_BLOCK_CAPTURE_AUTORELEASING = YES;
				CLANG_WARN_BOOL_CONVERSION = YES;
				CLANG_WARN_COMMA = YES;
				CLANG_WARN_CONSTANT_CONVERSION = YES;
				CLANG_WARN_DIRECT_OBJC_ISA_USAGE = YES_ERROR;
				CLANG_WARN_DOCUMENTATION_COMMENTS = YES;
				CLANG_WARN_EMPTY_BODY = YES;
				CLANG_WARN_ENUM_CONVERSION = YES;
				CLANG_WARN_INFINITE_RECURSION = YES;
				CLANG_WARN_INT_CONVERSION = YES;
				CLANG_WARN_NON_LITERAL_NULL_CONVERSION = YES;
				CLANG_WARN_OBJC_LITERAL_CONVERSION = YES;
				CLANG_WARN_OBJC_ROOT_CLASS = YES_ERROR;
				CLANG_WARN_RANGE_LOOP_ANALYSIS = YES;
				CLANG_WARN_STRICT_PROTOTYPES = YES;
				CLANG_WARN_SUSPICIOUS_MOVE = YES;
				CLANG_WARN_UNGUARDED_AVAILABILITY = YES_AGGRESSIVE;
				CLANG_WARN_UNREACHABLE_CODE = YES;
				CLANG_WARN__DUPLICATE_METHOD_MATCH = YES;
				CODE_SIGN_IDENTITY = "iPhone Developer";
				COPY_PHASE_STRIP = NO;
				DEBUG_INFORMATION_FORMAT = "dwarf-with-dsym";
				ENABLE_NS_ASSERTIONS = NO;
				ENABLE_STRICT_OBJC_MSGSEND = YES;
				GCC_C_LANGUAGE_STANDARD = gnu11;
				GCC_NO_COMMON_BLOCKS = YES;
				GCC_WARN_64_TO_32_BIT_CONVERSION = YES;
				GCC_WARN_ABOUT_RETURN_TYPE = YES_ERROR;
				GCC_WARN_UNDECLARED_SELECTOR = YES;
				GCC_WARN_UNINITIALIZED_AUTOS = YES_AGGRESSIVE;
				GCC_WARN_UNUSED_FUNCTION = YES;
				GCC_WARN_UNUSED_VARIABLE = YES;
				IPHONEOS_DEPLOYMENT_TARGET = 11.2;
				MTL_ENABLE_DEBUG_INFO = NO;
				SDKROOT = iphoneos;
				SWIFT_OPTIMIZATION_LEVEL = "-Owholemodule";
				VALIDATE_PRODUCT = YES;
			};
			name = Release;
		};
		85962FEE201E3B6100FA9D1B /* Debug */ = {
			isa = XCBuildConfiguration;
			buildSettings = {
				ASSETCATALOG_COMPILER_APPICON_NAME = AppIcon;
				CODE_SIGN_STYLE = Automatic;
				DEVELOPMENT_TEAM = FH4QLR9MNH;
				INFOPLIST_FILE = "Data Sending/Info.plist";
				LD_RUNPATH_SEARCH_PATHS = "$(inherited) @executable_path/Frameworks";
				PRODUCT_BUNDLE_IDENTIFIER = "in.creativelizard.Data-Sending";
				PRODUCT_NAME = "$(TARGET_NAME)";
				SWIFT_VERSION = 4.0;
				TARGETED_DEVICE_FAMILY = 1;
			};
			name = Debug;
		};
		85962FEF201E3B6100FA9D1B /* Release */ = {
			isa = XCBuildConfiguration;
			buildSettings = {
				ASSETCATALOG_COMPILER_APPICON_NAME = AppIcon;
				CODE_SIGN_STYLE = Automatic;
				DEVELOPMENT_TEAM = FH4QLR9MNH;
				INFOPLIST_FILE = "Data Sending/Info.plist";
				LD_RUNPATH_SEARCH_PATHS = "$(inherited) @executable_path/Frameworks";
				PRODUCT_BUNDLE_IDENTIFIER = "in.creativelizard.Data-Sending";
				PRODUCT_NAME = "$(TARGET_NAME)";
				SWIFT_VERSION = 4.0;
				TARGETED_DEVICE_FAMILY = 1;
			};
			name = Release;
		};
		85962FF1201E3B6100FA9D1B /* Debug */ = {
			isa = XCBuildConfiguration;
			buildSettings = {
				ALWAYS_EMBED_SWIFT_STANDARD_LIBRARIES = YES;
				BUNDLE_LOADER = "$(TEST_HOST)";
				CODE_SIGN_STYLE = Automatic;
				DEVELOPMENT_TEAM = FH4QLR9MNH;
				INFOPLIST_FILE = "Data SendingTests/Info.plist";
				LD_RUNPATH_SEARCH_PATHS = "$(inherited) @executable_path/Frameworks @loader_path/Frameworks";
				PRODUCT_BUNDLE_IDENTIFIER = "in.creativelizard.Data-SendingTests";
				PRODUCT_NAME = "$(TARGET_NAME)";
				SWIFT_VERSION = 4.0;
				TARGETED_DEVICE_FAMILY = "1,2";
				TEST_HOST = "$(BUILT_PRODUCTS_DIR)/Data Sending.app/Data Sending";
			};
			name = Debug;
		};
		85962FF2201E3B6100FA9D1B /* Release */ = {
			isa = XCBuildConfiguration;
			buildSettings = {
				ALWAYS_EMBED_SWIFT_STANDARD_LIBRARIES = YES;
				BUNDLE_LOADER = "$(TEST_HOST)";
				CODE_SIGN_STYLE = Automatic;
				DEVELOPMENT_TEAM = FH4QLR9MNH;
				INFOPLIST_FILE = "Data SendingTests/Info.plist";
				LD_RUNPATH_SEARCH_PATHS = "$(inherited) @executable_path/Frameworks @loader_path/Frameworks";
				PRODUCT_BUNDLE_IDENTIFIER = "in.creativelizard.Data-SendingTests";
				PRODUCT_NAME = "$(TARGET_NAME)";
				SWIFT_VERSION = 4.0;
				TARGETED_DEVICE_FAMILY = "1,2";
				TEST_HOST = "$(BUILT_PRODUCTS_DIR)/Data Sending.app/Data Sending";
			};
			name = Release;
		};
		85962FF4201E3B6100FA9D1B /* Debug */ = {
			isa = XCBuildConfiguration;
			buildSettings = {
				ALWAYS_EMBED_SWIFT_STANDARD_LIBRARIES = YES;
				CODE_SIGN_STYLE = Automatic;
				DEVELOPMENT_TEAM = FH4QLR9MNH;
				INFOPLIST_FILE = "Data SendingUITests/Info.plist";
				LD_RUNPATH_SEARCH_PATHS = "$(inherited) @executable_path/Frameworks @loader_path/Frameworks";
				PRODUCT_BUNDLE_IDENTIFIER = "in.creativelizard.Data-SendingUITests";
				PRODUCT_NAME = "$(TARGET_NAME)";
				SWIFT_VERSION = 4.0;
				TARGETED_DEVICE_FAMILY = "1,2";
				TEST_TARGET_NAME = "Data Sending";
			};
			name = Debug;
		};
		85962FF5201E3B6100FA9D1B /* Release */ = {
			isa = XCBuildConfiguration;
			buildSettings = {
				ALWAYS_EMBED_SWIFT_STANDARD_LIBRARIES = YES;
				CODE_SIGN_STYLE = Automatic;
				DEVELOPMENT_TEAM = FH4QLR9MNH;
				INFOPLIST_FILE = "Data SendingUITests/Info.plist";
				LD_RUNPATH_SEARCH_PATHS = "$(inherited) @executable_path/Frameworks @loader_path/Frameworks";
				PRODUCT_BUNDLE_IDENTIFIER = "in.creativelizard.Data-SendingUITests";
				PRODUCT_NAME = "$(TARGET_NAME)";
				SWIFT_VERSION = 4.0;
				TARGETED_DEVICE_FAMILY = "1,2";
				TEST_TARGET_NAME = "Data Sending";
			};
			name = Release;
		};
/* End XCBuildConfiguration section */

/* Begin XCConfigurationList section */
		85962FC0201E3B6000FA9D1B /* Build configuration list for PBXProject "Data Sending" */ = {
			isa = XCConfigurationList;
			buildConfigurations = (
				85962FEB201E3B6100FA9D1B /* Debug */,
				85962FEC201E3B6100FA9D1B /* Release */,
			);
			defaultConfigurationIsVisible = 0;
			defaultConfigurationName = Release;
		};
		85962FED201E3B6100FA9D1B /* Build configuration list for PBXNativeTarget "Data Sending" */ = {
			isa = XCConfigurationList;
			buildConfigurations = (
				85962FEE201E3B6100FA9D1B /* Debug */,
				85962FEF201E3B6100FA9D1B /* Release */,
			);
			defaultConfigurationIsVisible = 0;
			defaultConfigurationName = Release;
		};
		85962FF0201E3B6100FA9D1B /* Build configuration list for PBXNativeTarget "Data SendingTests" */ = {
			isa = XCConfigurationList;
			buildConfigurations = (
				85962FF1201E3B6100FA9D1B /* Debug */,
				85962FF2201E3B6100FA9D1B /* Release */,
			);
			defaultConfigurationIsVisible = 0;
			defaultConfigurationName = Release;
		};
		85962FF3201E3B6100FA9D1B /* Build configuration list for PBXNativeTarget "Data SendingUITests" */ = {
			isa = XCConfigurationList;
			buildConfigurations = (
				85962FF4201E3B6100FA9D1B /* Debug */,
				85962FF5201E3B6100FA9D1B /* Release */,
			);
			defaultConfigurationIsVisible = 0;
			defaultConfigurationName = Release;
		};
/* End XCConfigurationList section */
	};
	rootObject = 85962FBD201E3B6000FA9D1B /* Project object */;
}
